
Microsoft Visual Studio Solution File, Format Version 12.00
# Visual Studio Version 17
VisualStudioVersion = 17.5.33516.290
MinimumVisualStudioVersion = 10.0.40219.1
Project("{9A19103F-16F7-4668-BE54-9A1E7A4F7556}") = "Indexer", "Indexer\Indexer.csproj", "{C23F9302-CFAD-4A74-A9D1-BE74D6EBABB9}"
EndProject
Project("{9A19103F-16F7-4668-BE54-9A1E7A4F7556}") = "Indexer.Tests", "Indexer.Tests\Indexer.Tests.csproj", "{1670EE49-5294-428C-AE94-C623A80ABAB3}"
EndProject
Project("{FAE04EC0-301F-11D3-BF4B-00C04F79EFBC}") = "Indexer.Performance", "Indexer.Performance\Indexer.Performance.csproj", "{1A8EE11D-C6EB-4E59-A9F8-B7C310A277FD}"
EndProject
Global
	GlobalSection(SolutionConfigurationPlatforms) = preSolution
		Debug|Any CPU = Debug|Any CPU
		Release|Any CPU = Release|Any CPU
	EndGlobalSection
	GlobalSection(ProjectConfigurationPlatforms) = postSolution
		{C23F9302-CFAD-4A74-A9D1-BE74D6EBABB9}.Debug|Any CPU.ActiveCfg = Debug|Any CPU
		{C23F9302-CFAD-4A74-A9D1-BE74D6EBABB9}.Debug|Any CPU.Build.0 = Debug|Any CPU
		{C23F9302-CFAD-4A74-A9D1-BE74D6EBABB9}.Release|Any CPU.ActiveCfg = Release|Any CPU
		{C23F9302-CFAD-4A74-A9D1-BE74D6EBABB9}.Release|Any CPU.Build.0 = Release|Any CPU
		{1670EE49-5294-428C-AE94-C623A80ABAB3}.Debug|Any CPU.ActiveCfg = Debug|Any CPU
		{1670EE49-5294-428C-AE94-C623A80ABAB3}.Debug|Any CPU.Build.0 = Debug|Any CPU
		{1670EE49-5294-428C-AE94-C623A80ABAB3}.Release|Any CPU.ActiveCfg = Release|Any CPU
		{1670EE49-5294-428C-AE94-C623A80ABAB3}.Release|Any CPU.Build.0 = Release|Any CPU
		{1A8EE11D-C6EB-4E59-A9F8-B7C310A277FD}.Debug|Any CPU.ActiveCfg = Debug|Any CPU
		{1A8EE11D-C6EB-4E59-A9F8-B7C310A277FD}.Debug|Any CPU.Build.0 = Debug|Any CPU
		{1A8EE11D-C6EB-4E59-A9F8-B7C310A277FD}.Release|Any CPU.ActiveCfg = Release|Any CPU
		{1A8EE11D-C6EB-4E59-A9F8-B7C310A277FD}.Release|Any CPU.Build.0 = Release|Any CPU
	EndGlobalSection
	GlobalSection(SolutionProperties) = preSolution
		HideSolutionNode = FALSE
	EndGlobalSection
	GlobalSection(ExtensibilityGlobals) = postSolution
		SolutionGuid = {3D04409B-A03A-4A3F-914C-1F00691196E9}
	EndGlobalSection
EndGlobal
